// !$*UTF8*$!
{
	archiveVersion = 1;
	classes = {
	};
	objectVersion = 50;
	objects = {

/* Begin PBXBuildFile section */
		D0054415229AF07B0052BA85 /* AddClass.swift in Sources */ = {isa = PBXBuildFile; fileRef = D0054414229AF07B0052BA85 /* AddClass.swift */; };
		D05F42D92295F97B0016877E /* AppDelegate.swift in Sources */ = {isa = PBXBuildFile; fileRef = D05F42D82295F97B0016877E /* AppDelegate.swift */; };
		D05F42DE2295F97B0016877E /* Main.storyboard in Resources */ = {isa = PBXBuildFile; fileRef = D05F42DC2295F97B0016877E /* Main.storyboard */; };
		D05F42E12295F97B0016877E /* educ_alcul_ate.xcdatamodeld in Sources */ = {isa = PBXBuildFile; fileRef = D05F42DF2295F97B0016877E /* educ_alcul_ate.xcdatamodeld */; };
		D05F42E32295F97C0016877E /* Assets.xcassets in Resources */ = {isa = PBXBuildFile; fileRef = D05F42E22295F97C0016877E /* Assets.xcassets */; };
		D05F42E62295F97C0016877E /* LaunchScreen.storyboard in Resources */ = {isa = PBXBuildFile; fileRef = D05F42E42295F97C0016877E /* LaunchScreen.storyboard */; };
		D05F42EE2295FD640016877E /* WeightedAverage.swift in Sources */ = {isa = PBXBuildFile; fileRef = D05F42ED2295FD640016877E /* WeightedAverage.swift */; };
		D05F42F02295FD7F0016877E /* FinalExam.swift in Sources */ = {isa = PBXBuildFile; fileRef = D05F42EF2295FD7F0016877E /* FinalExam.swift */; };
		D05F42F42295FDAA0016877E /* Settings.swift in Sources */ = {isa = PBXBuildFile; fileRef = D05F42F32295FDAA0016877E /* Settings.swift */; };
		D05F430B2295FEBB0016877E /* changes@2x.png in Resources */ = {isa = PBXBuildFile; fileRef = D05F42F92295FEBB0016877E /* changes@2x.png */; };
		D05F430C2295FEBB0016877E /* profile.jpg in Resources */ = {isa = PBXBuildFile; fileRef = D05F42FA2295FEBB0016877E /* profile.jpg */; };
		D05F430D2295FEBB0016877E /* finalexam@2x.png in Resources */ = {isa = PBXBuildFile; fileRef = D05F42FB2295FEBB0016877E /* finalexam@2x.png */; };
		D05F430E2295FEBB0016877E /* credits@3x.png in Resources */ = {isa = PBXBuildFile; fileRef = D05F42FC2295FEBB0016877E /* credits@3x.png */; };
		D05F430F2295FEBB0016877E /* Icon.png in Resources */ = {isa = PBXBuildFile; fileRef = D05F42FD2295FEBB0016877E /* Icon.png */; };
		D05F43102295FEBB0016877E /* classes@2x.png in Resources */ = {isa = PBXBuildFile; fileRef = D05F42FE2295FEBB0016877E /* classes@2x.png */; };
		D05F43112295FEBB0016877E /* classes.png in Resources */ = {isa = PBXBuildFile; fileRef = D05F42FF2295FEBB0016877E /* classes.png */; };
		D05F43122295FEBB0016877E /* finalexam@3x.png in Resources */ = {isa = PBXBuildFile; fileRef = D05F43002295FEBB0016877E /* finalexam@3x.png */; };
		D05F43132295FEBB0016877E /* changes.png in Resources */ = {isa = PBXBuildFile; fileRef = D05F43012295FEBB0016877E /* changes.png */; };
		D05F43142295FEBB0016877E /* classes@3x.png in Resources */ = {isa = PBXBuildFile; fileRef = D05F43022295FEBB0016877E /* classes@3x.png */; };
		D05F43152295FEBB0016877E /* changes@3x.png in Resources */ = {isa = PBXBuildFile; fileRef = D05F43032295FEBB0016877E /* changes@3x.png */; };
		D05F43162295FEBB0016877E /* credits@2x.png in Resources */ = {isa = PBXBuildFile; fileRef = D05F43042295FEBB0016877E /* credits@2x.png */; };
		D05F43172295FEBB0016877E /* weightedaverage@3x.png in Resources */ = {isa = PBXBuildFile; fileRef = D05F43052295FEBB0016877E /* weightedaverage@3x.png */; };
		D05F43182295FEBB0016877E /* weightedaverage@2x.png in Resources */ = {isa = PBXBuildFile; fileRef = D05F43062295FEBB0016877E /* weightedaverage@2x.png */; };
		D05F43192295FEBB0016877E /* profileSquare.png in Resources */ = {isa = PBXBuildFile; fileRef = D05F43072295FEBB0016877E /* profileSquare.png */; };
		D05F431A2295FEBB0016877E /* weightedaverage.png in Resources */ = {isa = PBXBuildFile; fileRef = D05F43082295FEBB0016877E /* weightedaverage.png */; };
		D05F431B2295FEBB0016877E /* credits.png in Resources */ = {isa = PBXBuildFile; fileRef = D05F43092295FEBB0016877E /* credits.png */; };
		D05F431C2295FEBB0016877E /* finalexam.png in Resources */ = {isa = PBXBuildFile; fileRef = D05F430A2295FEBB0016877E /* finalexam.png */; };
		D05F434F2295FECD0016877E /* Messages iPhone@3x.png in Resources */ = {isa = PBXBuildFile; fileRef = D05F431D2295FECD0016877E /* Messages iPhone@3x.png */; };
		D05F43502295FECD0016877E /* iPad Spotlight iOS 7,12@2x.png in Resources */ = {isa = PBXBuildFile; fileRef = D05F431E2295FECD0016877E /* iPad Spotlight iOS 7,12@2x.png */; };
		D05F43512295FECD0016877E /* iPad App Icon iOS 7,12.png in Resources */ = {isa = PBXBuildFile; fileRef = D05F431F2295FECD0016877E /* iPad App Icon iOS 7,12.png */; };
		D05F43522295FECD0016877E /* Messages iPad@2x.png in Resources */ = {isa = PBXBuildFile; fileRef = D05F43202295FECD0016877E /* Messages iPad@2x.png */; };
		D05F43532295FECD0016877E /* iPhone App Icon iOS 7,12@2x.png in Resources */ = {isa = PBXBuildFile; fileRef = D05F43212295FECD0016877E /* iPhone App Icon iOS 7,12@2x.png */; };
		D05F43542295FECD0016877E /* Messages iPad Settings@2x.png in Resources */ = {isa = PBXBuildFile; fileRef = D05F43222295FECD0016877E /* Messages iPad Settings@2x.png */; };
		D05F43552295FECD0016877E /* Messages iPhone@2x.png in Resources */ = {isa = PBXBuildFile; fileRef = D05F43232295FECD0016877E /* Messages iPhone@2x.png */; };
		D05F43562295FECD0016877E /* Messages App Store.png in Resources */ = {isa = PBXBuildFile; fileRef = D05F43242295FECD0016877E /* Messages App Store.png */; };
		D05F43572295FECD0016877E /* Messages iPad Pro@2x.png in Resources */ = {isa = PBXBuildFile; fileRef = D05F43252295FECD0016877E /* Messages iPad Pro@2x.png */; };
		D05F43582295FECD0016877E /* iPad Spotlight iOS 5,6@2x.png in Resources */ = {isa = PBXBuildFile; fileRef = D05F43262295FECD0016877E /* iPad Spotlight iOS 5,6@2x.png */; };
		D05F43592295FECD0016877E /* iPhone notification iOS 7,12@3x.png in Resources */ = {isa = PBXBuildFile; fileRef = D05F43272295FECD0016877E /* iPhone notification iOS 7,12@3x.png */; };
		D05F435A2295FECD0016877E /* iPad Spotlight iOS 7,12.png in Resources */ = {isa = PBXBuildFile; fileRef = D05F43282295FECD0016877E /* iPad Spotlight iOS 7,12.png */; };
		D05F435B2295FECD0016877E /* Apple Watch Notification center (38mm).png in Resources */ = {isa = PBXBuildFile; fileRef = D05F43292295FECD0016877E /* Apple Watch Notification center (38mm).png */; };
		D05F435C2295FECD0016877E /* Apple Watch Home Screen (38mm).png in Resources */ = {isa = PBXBuildFile; fileRef = D05F432A2295FECD0016877E /* Apple Watch Home Screen (38mm).png */; };
		D05F435D2295FECD0016877E /* iPhone Spotlight iOS 7,12@3x.png in Resources */ = {isa = PBXBuildFile; fileRef = D05F432B2295FECD0016877E /* iPhone Spotlight iOS 7,12@3x.png */; };
		D05F435E2295FECD0016877E /* Messages (27x20pt)@2x.png in Resources */ = {isa = PBXBuildFile; fileRef = D05F432C2295FECD0016877E /* Messages (27x20pt)@2x.png */; };
		D05F435F2295FECD0016877E /* iPhone Spotlight iOS 7,12@2x.png in Resources */ = {isa = PBXBuildFile; fileRef = D05F432D2295FECD0016877E /* iPhone Spotlight iOS 7,12@2x.png */; };
		D05F43602295FECD0016877E /* Apple Watch Short Look (44mm).png in Resources */ = {isa = PBXBuildFile; fileRef = D05F432E2295FECD0016877E /* Apple Watch Short Look (44mm).png */; };
		D05F43612295FECD0016877E /* iPhone Spotlight iOS 5,6 & Settings@3x.png in Resources */ = {isa = PBXBuildFile; fileRef = D05F432F2295FECD0016877E /* iPhone Spotlight iOS 5,6 & Settings@3x.png */; };
		D05F43622295FECD0016877E /* iPhone notification iOS 7,12@2x.png in Resources */ = {isa = PBXBuildFile; fileRef = D05F43302295FECD0016877E /* iPhone notification iOS 7,12@2x.png */; };
		D05F43632295FECD0016877E /* iPad App Icon iOS 5,6@2x.png in Resources */ = {isa = PBXBuildFile; fileRef = D05F43312295FECD0016877E /* iPad App Icon iOS 5,6@2x.png */; };
		D05F43642295FECD0016877E /* iPad App Icon iOS 5,6.png in Resources */ = {isa = PBXBuildFile; fileRef = D05F43322295FECD0016877E /* iPad App Icon iOS 5,6.png */; };
		D05F43652295FECD0016877E /* iPhone Spotlight iOS 5,6 & Settings@2x.png in Resources */ = {isa = PBXBuildFile; fileRef = D05F43332295FECD0016877E /* iPhone Spotlight iOS 5,6 & Settings@2x.png */; };
		D05F43662295FECD0016877E /* Messages iPhone Settings@3x.png in Resources */ = {isa = PBXBuildFile; fileRef = D05F43342295FECD0016877E /* Messages iPhone Settings@3x.png */; };
		D05F43672295FECD0016877E /* Messages iPhone Settings@2x.png in Resources */ = {isa = PBXBuildFile; fileRef = D05F43352295FECD0016877E /* Messages iPhone Settings@2x.png */; };
		D05F43682295FECD0016877E /* Apple Watch Short Look (38mm).png in Resources */ = {isa = PBXBuildFile; fileRef = D05F43362295FECD0016877E /* Apple Watch Short Look (38mm).png */; };
		D05F43692295FECD0016877E /* iPhone App Icon iOS 5,6@2x.png in Resources */ = {isa = PBXBuildFile; fileRef = D05F43372295FECD0016877E /* iPhone App Icon iOS 5,6@2x.png */; };
		D05F436A2295FECD0016877E /* App Store.png in Resources */ = {isa = PBXBuildFile; fileRef = D05F43382295FECD0016877E /* App Store.png */; };
		D05F436B2295FECD0016877E /* Messages (32x24pt)@3x.png in Resources */ = {isa = PBXBuildFile; fileRef = D05F43392295FECD0016877E /* Messages (32x24pt)@3x.png */; };
		D05F436C2295FECD0016877E /* Apple Watch Companion Settings@3x.png in Resources */ = {isa = PBXBuildFile; fileRef = D05F433A2295FECD0016877E /* Apple Watch Companion Settings@3x.png */; };
		D05F436D2295FECD0016877E /* iPhone Spotlight iOS 7,12.png in Resources */ = {isa = PBXBuildFile; fileRef = D05F433B2295FECD0016877E /* iPhone Spotlight iOS 7,12.png */; };
		D05F436E2295FECD0016877E /* iPhone settings iOS 7,12@3x.png in Resources */ = {isa = PBXBuildFile; fileRef = D05F433C2295FECD0016877E /* iPhone settings iOS 7,12@3x.png */; };
		D05F436F2295FECD0016877E /* iPad notification iOS 7,12@2x.png in Resources */ = {isa = PBXBuildFile; fileRef = D05F433D2295FECD0016877E /* iPad notification iOS 7,12@2x.png */; };
		D05F43702295FECD0016877E /* iPad Spotlight iOS 5,6.png in Resources */ = {isa = PBXBuildFile; fileRef = D05F433E2295FECD0016877E /* iPad Spotlight iOS 5,6.png */; };
		D05F43712295FECD0016877E /* Messages (32x24pt)@2x.png in Resources */ = {isa = PBXBuildFile; fileRef = D05F433F2295FECD0016877E /* Messages (32x24pt)@2x.png */; };
		D05F43722295FECD0016877E /* iPad App Icon iOS 7,12@2x.png in Resources */ = {isa = PBXBuildFile; fileRef = D05F43402295FECD0016877E /* iPad App Icon iOS 7,12@2x.png */; };
		D05F43732295FECD0016877E /* iPhone Spotlight iOS 5,6 & Settings.png in Resources */ = {isa = PBXBuildFile; fileRef = D05F43412295FECD0016877E /* iPhone Spotlight iOS 5,6 & Settings.png */; };
		D05F43742295FECD0016877E /* Apple Watch Home Screen (40mm).png in Resources */ = {isa = PBXBuildFile; fileRef = D05F43422295FECD0016877E /* Apple Watch Home Screen (40mm).png */; };
		D05F43752295FECD0016877E /* iPhone App Icon iOS 7,12@3x.png in Resources */ = {isa = PBXBuildFile; fileRef = D05F43432295FECD0016877E /* iPhone App Icon iOS 7,12@3x.png */; };
		D05F43762295FECD0016877E /* iPad Pro Icon iOS 9,12@2x.png in Resources */ = {isa = PBXBuildFile; fileRef = D05F43442295FECD0016877E /* iPad Pro Icon iOS 9,12@2x.png */; };
		D05F43772295FECD0016877E /* Apple Watch Notification center (42mm).png in Resources */ = {isa = PBXBuildFile; fileRef = D05F43452295FECD0016877E /* Apple Watch Notification center (42mm).png */; };
		D05F43782295FECD0016877E /* Apple Watch Companion Settings@2x.png in Resources */ = {isa = PBXBuildFile; fileRef = D05F43462295FECD0016877E /* Apple Watch Companion Settings@2x.png */; };
		D05F43792295FECD0016877E /* iPad Settings@2x.png in Resources */ = {isa = PBXBuildFile; fileRef = D05F43472295FECD0016877E /* iPad Settings@2x.png */; };
		D05F437A2295FECD0016877E /* iPad notification iOS 7,12.png in Resources */ = {isa = PBXBuildFile; fileRef = D05F43482295FECD0016877E /* iPad notification iOS 7,12.png */; };
		D05F437B2295FECD0016877E /* iPad Settings.png in Resources */ = {isa = PBXBuildFile; fileRef = D05F43492295FECD0016877E /* iPad Settings.png */; };
		D05F437C2295FECD0016877E /* iPhone App Icon iOS 5,6.png in Resources */ = {isa = PBXBuildFile; fileRef = D05F434A2295FECD0016877E /* iPhone App Icon iOS 5,6.png */; };
		D05F437D2295FECD0016877E /* Messages (27x20pt)@3x.png in Resources */ = {isa = PBXBuildFile; fileRef = D05F434B2295FECD0016877E /* Messages (27x20pt)@3x.png */; };
		D05F437E2295FECD0016877E /* Apple Watch Home Screen (44mm).png in Resources */ = {isa = PBXBuildFile; fileRef = D05F434C2295FECD0016877E /* Apple Watch Home Screen (44mm).png */; };
		D05F437F2295FECD0016877E /* iPhone settings iOS 7,12@2x.png in Resources */ = {isa = PBXBuildFile; fileRef = D05F434D2295FECD0016877E /* iPhone settings iOS 7,12@2x.png */; };
		D05F43802295FECD0016877E /* Apple Watch Short Look (42mm).png in Resources */ = {isa = PBXBuildFile; fileRef = D05F434E2295FECD0016877E /* Apple Watch Short Look (42mm).png */; };
		D05F4384229615340016877E /* Classes.swift in Sources */ = {isa = PBXBuildFile; fileRef = D05F4383229615340016877E /* Classes.swift */; };
		D05FDA7722967E5700F4FAAE /* Calculations.swift in Sources */ = {isa = PBXBuildFile; fileRef = D05FDA7622967E5700F4FAAE /* Calculations.swift */; };
		D05FDA7C22975CBA00F4FAAE /* Class+CoreDataClass.swift in Sources */ = {isa = PBXBuildFile; fileRef = D05FDA7822975CBA00F4FAAE /* Class+CoreDataClass.swift */; };
		D05FDA7D22975CBA00F4FAAE /* Class+CoreDataProperties.swift in Sources */ = {isa = PBXBuildFile; fileRef = D05FDA7922975CBA00F4FAAE /* Class+CoreDataProperties.swift */; };
		D05FDA7E22975CBA00F4FAAE /* Mark+CoreDataClass.swift in Sources */ = {isa = PBXBuildFile; fileRef = D05FDA7A22975CBA00F4FAAE /* Mark+CoreDataClass.swift */; };
		D05FDA7F22975CBA00F4FAAE /* Mark+CoreDataProperties.swift in Sources */ = {isa = PBXBuildFile; fileRef = D05FDA7B22975CBA00F4FAAE /* Mark+CoreDataProperties.swift */; };
		D05FDA8122977B4700F4FAAE /* AddAssignment.swift in Sources */ = {isa = PBXBuildFile; fileRef = D05FDA8022977B4700F4FAAE /* AddAssignment.swift */; };
		D05FDA832297842500F4FAAE /* MarksView.swift in Sources */ = {isa = PBXBuildFile; fileRef = D05FDA822297842500F4FAAE /* MarksView.swift */; };
		D0A56DE2229BA2DB00CB7DED /* Theme.swift in Sources */ = {isa = PBXBuildFile; fileRef = D0A56DE1229BA2DB00CB7DED /* Theme.swift */; };
		D0A56DE4229BA42800CB7DED /* Colors.xcassets in Resources */ = {isa = PBXBuildFile; fileRef = D0A56DE3229BA42800CB7DED /* Colors.xcassets */; };
		D0A56DE6229BA9DE00CB7DED /* ThemeProtocol.swift in Sources */ = {isa = PBXBuildFile; fileRef = D0A56DE5229BA9DE00CB7DED /* ThemeProtocol.swift */; };
		D0A56DE8229BAA6400CB7DED /* LightTheme.swift in Sources */ = {isa = PBXBuildFile; fileRef = D0A56DE7229BAA6400CB7DED /* LightTheme.swift */; };
		D0A56DEA229BAA6E00CB7DED /* DarkTheme.swift in Sources */ = {isa = PBXBuildFile; fileRef = D0A56DE9229BAA6E00CB7DED /* DarkTheme.swift */; };
		D0A56DEE229BC6A000CB7DED /* settings@3x.png in Resources */ = {isa = PBXBuildFile; fileRef = D0A56DEB229BC69F00CB7DED /* settings@3x.png */; };
		D0A56DEF229BC6A000CB7DED /* settings.png in Resources */ = {isa = PBXBuildFile; fileRef = D0A56DEC229BC69F00CB7DED /* settings.png */; };
		D0A56DF0229BC6A000CB7DED /* settings@2x.png in Resources */ = {isa = PBXBuildFile; fileRef = D0A56DED229BC6A000CB7DED /* settings@2x.png */; };
/* End PBXBuildFile section */

/* Begin PBXFileReference section */
		D0054414229AF07B0052BA85 /* AddClass.swift */ = {isa = PBXFileReference; fileEncoding = 4; lastKnownFileType = sourcecode.swift; path = AddClass.swift; sourceTree = "<group>"; };
		D05F42D52295F97B0016877E /* educ-alcul-ate.app */ = {isa = PBXFileReference; explicitFileType = wrapper.application; includeInIndex = 0; path = "educ-alcul-ate.app"; sourceTree = BUILT_PRODUCTS_DIR; };
		D05F42D82295F97B0016877E /* AppDelegate.swift */ = {isa = PBXFileReference; lastKnownFileType = sourcecode.swift; path = AppDelegate.swift; sourceTree = "<group>"; };
		D05F42DD2295F97B0016877E /* Base */ = {isa = PBXFileReference; lastKnownFileType = file.storyboard; name = Base; path = Base.lproj/Main.storyboard; sourceTree = "<group>"; };
		D05F42E02295F97B0016877E /* educ_alcul_ate.xcdatamodel */ = {isa = PBXFileReference; lastKnownFileType = wrapper.xcdatamodel; path = educ_alcul_ate.xcdatamodel; sourceTree = "<group>"; };
		D05F42E22295F97C0016877E /* Assets.xcassets */ = {isa = PBXFileReference; lastKnownFileType = folder.assetcatalog; path = Assets.xcassets; sourceTree = "<group>"; };
		D05F42E52295F97C0016877E /* Base */ = {isa = PBXFileReference; lastKnownFileType = file.storyboard; name = Base; path = Base.lproj/LaunchScreen.storyboard; sourceTree = "<group>"; };
		D05F42E72295F97C0016877E /* Info.plist */ = {isa = PBXFileReference; lastKnownFileType = text.plist.xml; path = Info.plist; sourceTree = "<group>"; };
		D05F42ED2295FD640016877E /* WeightedAverage.swift */ = {isa = PBXFileReference; lastKnownFileType = sourcecode.swift; path = WeightedAverage.swift; sourceTree = "<group>"; };
		D05F42EF2295FD7F0016877E /* FinalExam.swift */ = {isa = PBXFileReference; lastKnownFileType = sourcecode.swift; path = FinalExam.swift; sourceTree = "<group>"; };
		D05F42F32295FDAA0016877E /* Settings.swift */ = {isa = PBXFileReference; lastKnownFileType = sourcecode.swift; path = Settings.swift; sourceTree = "<group>"; };
		D05F42F92295FEBB0016877E /* changes@2x.png */ = {isa = PBXFileReference; lastKnownFileType = image.png; path = "changes@2x.png"; sourceTree = "<group>"; };
		D05F42FA2295FEBB0016877E /* profile.jpg */ = {isa = PBXFileReference; lastKnownFileType = image.jpeg; path = profile.jpg; sourceTree = "<group>"; };
		D05F42FB2295FEBB0016877E /* finalexam@2x.png */ = {isa = PBXFileReference; lastKnownFileType = image.png; path = "finalexam@2x.png"; sourceTree = "<group>"; };
		D05F42FC2295FEBB0016877E /* credits@3x.png */ = {isa = PBXFileReference; lastKnownFileType = image.png; path = "credits@3x.png"; sourceTree = "<group>"; };
		D05F42FD2295FEBB0016877E /* Icon.png */ = {isa = PBXFileReference; lastKnownFileType = image.png; path = Icon.png; sourceTree = "<group>"; };
		D05F42FE2295FEBB0016877E /* classes@2x.png */ = {isa = PBXFileReference; lastKnownFileType = image.png; path = "classes@2x.png"; sourceTree = "<group>"; };
		D05F42FF2295FEBB0016877E /* classes.png */ = {isa = PBXFileReference; lastKnownFileType = image.png; path = classes.png; sourceTree = "<group>"; };
		D05F43002295FEBB0016877E /* finalexam@3x.png */ = {isa = PBXFileReference; lastKnownFileType = image.png; path = "finalexam@3x.png"; sourceTree = "<group>"; };
		D05F43012295FEBB0016877E /* changes.png */ = {isa = PBXFileReference; lastKnownFileType = image.png; path = changes.png; sourceTree = "<group>"; };
		D05F43022295FEBB0016877E /* classes@3x.png */ = {isa = PBXFileReference; lastKnownFileType = image.png; path = "classes@3x.png"; sourceTree = "<group>"; };
		D05F43032295FEBB0016877E /* changes@3x.png */ = {isa = PBXFileReference; lastKnownFileType = image.png; path = "changes@3x.png"; sourceTree = "<group>"; };
		D05F43042295FEBB0016877E /* credits@2x.png */ = {isa = PBXFileReference; lastKnownFileType = image.png; path = "credits@2x.png"; sourceTree = "<group>"; };
		D05F43052295FEBB0016877E /* weightedaverage@3x.png */ = {isa = PBXFileReference; lastKnownFileType = image.png; path = "weightedaverage@3x.png"; sourceTree = "<group>"; };
		D05F43062295FEBB0016877E /* weightedaverage@2x.png */ = {isa = PBXFileReference; lastKnownFileType = image.png; path = "weightedaverage@2x.png"; sourceTree = "<group>"; };
		D05F43072295FEBB0016877E /* profileSquare.png */ = {isa = PBXFileReference; lastKnownFileType = image.png; path = profileSquare.png; sourceTree = "<group>"; };
		D05F43082295FEBB0016877E /* weightedaverage.png */ = {isa = PBXFileReference; lastKnownFileType = image.png; path = weightedaverage.png; sourceTree = "<group>"; };
		D05F43092295FEBB0016877E /* credits.png */ = {isa = PBXFileReference; lastKnownFileType = image.png; path = credits.png; sourceTree = "<group>"; };
		D05F430A2295FEBB0016877E /* finalexam.png */ = {isa = PBXFileReference; lastKnownFileType = image.png; path = finalexam.png; sourceTree = "<group>"; };
		D05F431D2295FECD0016877E /* Messages iPhone@3x.png */ = {isa = PBXFileReference; lastKnownFileType = image.png; path = "Messages iPhone@3x.png"; sourceTree = "<group>"; };
		D05F431E2295FECD0016877E /* iPad Spotlight iOS 7,12@2x.png */ = {isa = PBXFileReference; lastKnownFileType = image.png; path = "iPad Spotlight iOS 7,12@2x.png"; sourceTree = "<group>"; };
		D05F431F2295FECD0016877E /* iPad App Icon iOS 7,12.png */ = {isa = PBXFileReference; lastKnownFileType = image.png; path = "iPad App Icon iOS 7,12.png"; sourceTree = "<group>"; };
		D05F43202295FECD0016877E /* Messages iPad@2x.png */ = {isa = PBXFileReference; lastKnownFileType = image.png; path = "Messages iPad@2x.png"; sourceTree = "<group>"; };
		D05F43212295FECD0016877E /* iPhone App Icon iOS 7,12@2x.png */ = {isa = PBXFileReference; lastKnownFileType = image.png; path = "iPhone App Icon iOS 7,12@2x.png"; sourceTree = "<group>"; };
		D05F43222295FECD0016877E /* Messages iPad Settings@2x.png */ = {isa = PBXFileReference; lastKnownFileType = image.png; path = "Messages iPad Settings@2x.png"; sourceTree = "<group>"; };
		D05F43232295FECD0016877E /* Messages iPhone@2x.png */ = {isa = PBXFileReference; lastKnownFileType = image.png; path = "Messages iPhone@2x.png"; sourceTree = "<group>"; };
		D05F43242295FECD0016877E /* Messages App Store.png */ = {isa = PBXFileReference; lastKnownFileType = image.png; path = "Messages App Store.png"; sourceTree = "<group>"; };
		D05F43252295FECD0016877E /* Messages iPad Pro@2x.png */ = {isa = PBXFileReference; lastKnownFileType = image.png; path = "Messages iPad Pro@2x.png"; sourceTree = "<group>"; };
		D05F43262295FECD0016877E /* iPad Spotlight iOS 5,6@2x.png */ = {isa = PBXFileReference; lastKnownFileType = image.png; path = "iPad Spotlight iOS 5,6@2x.png"; sourceTree = "<group>"; };
		D05F43272295FECD0016877E /* iPhone notification iOS 7,12@3x.png */ = {isa = PBXFileReference; lastKnownFileType = image.png; path = "iPhone notification iOS 7,12@3x.png"; sourceTree = "<group>"; };
		D05F43282295FECD0016877E /* iPad Spotlight iOS 7,12.png */ = {isa = PBXFileReference; lastKnownFileType = image.png; path = "iPad Spotlight iOS 7,12.png"; sourceTree = "<group>"; };
		D05F43292295FECD0016877E /* Apple Watch Notification center (38mm).png */ = {isa = PBXFileReference; lastKnownFileType = image.png; path = "Apple Watch Notification center (38mm).png"; sourceTree = "<group>"; };
		D05F432A2295FECD0016877E /* Apple Watch Home Screen (38mm).png */ = {isa = PBXFileReference; lastKnownFileType = image.png; path = "Apple Watch Home Screen (38mm).png"; sourceTree = "<group>"; };
		D05F432B2295FECD0016877E /* iPhone Spotlight iOS 7,12@3x.png */ = {isa = PBXFileReference; lastKnownFileType = image.png; path = "iPhone Spotlight iOS 7,12@3x.png"; sourceTree = "<group>"; };
		D05F432C2295FECD0016877E /* Messages (27x20pt)@2x.png */ = {isa = PBXFileReference; lastKnownFileType = image.png; path = "Messages (27x20pt)@2x.png"; sourceTree = "<group>"; };
		D05F432D2295FECD0016877E /* iPhone Spotlight iOS 7,12@2x.png */ = {isa = PBXFileReference; lastKnownFileType = image.png; path = "iPhone Spotlight iOS 7,12@2x.png"; sourceTree = "<group>"; };
		D05F432E2295FECD0016877E /* Apple Watch Short Look (44mm).png */ = {isa = PBXFileReference; lastKnownFileType = image.png; path = "Apple Watch Short Look (44mm).png"; sourceTree = "<group>"; };
		D05F432F2295FECD0016877E /* iPhone Spotlight iOS 5,6 & Settings@3x.png */ = {isa = PBXFileReference; lastKnownFileType = image.png; path = "iPhone Spotlight iOS 5,6 & Settings@3x.png"; sourceTree = "<group>"; };
		D05F43302295FECD0016877E /* iPhone notification iOS 7,12@2x.png */ = {isa = PBXFileReference; lastKnownFileType = image.png; path = "iPhone notification iOS 7,12@2x.png"; sourceTree = "<group>"; };
		D05F43312295FECD0016877E /* iPad App Icon iOS 5,6@2x.png */ = {isa = PBXFileReference; lastKnownFileType = image.png; path = "iPad App Icon iOS 5,6@2x.png"; sourceTree = "<group>"; };
		D05F43322295FECD0016877E /* iPad App Icon iOS 5,6.png */ = {isa = PBXFileReference; lastKnownFileType = image.png; path = "iPad App Icon iOS 5,6.png"; sourceTree = "<group>"; };
		D05F43332295FECD0016877E /* iPhone Spotlight iOS 5,6 & Settings@2x.png */ = {isa = PBXFileReference; lastKnownFileType = image.png; path = "iPhone Spotlight iOS 5,6 & Settings@2x.png"; sourceTree = "<group>"; };
		D05F43342295FECD0016877E /* Messages iPhone Settings@3x.png */ = {isa = PBXFileReference; lastKnownFileType = image.png; path = "Messages iPhone Settings@3x.png"; sourceTree = "<group>"; };
		D05F43352295FECD0016877E /* Messages iPhone Settings@2x.png */ = {isa = PBXFileReference; lastKnownFileType = image.png; path = "Messages iPhone Settings@2x.png"; sourceTree = "<group>"; };
		D05F43362295FECD0016877E /* Apple Watch Short Look (38mm).png */ = {isa = PBXFileReference; lastKnownFileType = image.png; path = "Apple Watch Short Look (38mm).png"; sourceTree = "<group>"; };
		D05F43372295FECD0016877E /* iPhone App Icon iOS 5,6@2x.png */ = {isa = PBXFileReference; lastKnownFileType = image.png; path = "iPhone App Icon iOS 5,6@2x.png"; sourceTree = "<group>"; };
		D05F43382295FECD0016877E /* App Store.png */ = {isa = PBXFileReference; lastKnownFileType = image.png; path = "App Store.png"; sourceTree = "<group>"; };
		D05F43392295FECD0016877E /* Messages (32x24pt)@3x.png */ = {isa = PBXFileReference; lastKnownFileType = image.png; path = "Messages (32x24pt)@3x.png"; sourceTree = "<group>"; };
		D05F433A2295FECD0016877E /* Apple Watch Companion Settings@3x.png */ = {isa = PBXFileReference; lastKnownFileType = image.png; path = "Apple Watch Companion Settings@3x.png"; sourceTree = "<group>"; };
		D05F433B2295FECD0016877E /* iPhone Spotlight iOS 7,12.png */ = {isa = PBXFileReference; lastKnownFileType = image.png; path = "iPhone Spotlight iOS 7,12.png"; sourceTree = "<group>"; };
		D05F433C2295FECD0016877E /* iPhone settings iOS 7,12@3x.png */ = {isa = PBXFileReference; lastKnownFileType = image.png; path = "iPhone settings iOS 7,12@3x.png"; sourceTree = "<group>"; };
		D05F433D2295FECD0016877E /* iPad notification iOS 7,12@2x.png */ = {isa = PBXFileReference; lastKnownFileType = image.png; path = "iPad notification iOS 7,12@2x.png"; sourceTree = "<group>"; };
		D05F433E2295FECD0016877E /* iPad Spotlight iOS 5,6.png */ = {isa = PBXFileReference; lastKnownFileType = image.png; path = "iPad Spotlight iOS 5,6.png"; sourceTree = "<group>"; };
		D05F433F2295FECD0016877E /* Messages (32x24pt)@2x.png */ = {isa = PBXFileReference; lastKnownFileType = image.png; path = "Messages (32x24pt)@2x.png"; sourceTree = "<group>"; };
		D05F43402295FECD0016877E /* iPad App Icon iOS 7,12@2x.png */ = {isa = PBXFileReference; lastKnownFileType = image.png; path = "iPad App Icon iOS 7,12@2x.png"; sourceTree = "<group>"; };
		D05F43412295FECD0016877E /* iPhone Spotlight iOS 5,6 & Settings.png */ = {isa = PBXFileReference; lastKnownFileType = image.png; path = "iPhone Spotlight iOS 5,6 & Settings.png"; sourceTree = "<group>"; };
		D05F43422295FECD0016877E /* Apple Watch Home Screen (40mm).png */ = {isa = PBXFileReference; lastKnownFileType = image.png; path = "Apple Watch Home Screen (40mm).png"; sourceTree = "<group>"; };
		D05F43432295FECD0016877E /* iPhone App Icon iOS 7,12@3x.png */ = {isa = PBXFileReference; lastKnownFileType = image.png; path = "iPhone App Icon iOS 7,12@3x.png"; sourceTree = "<group>"; };
		D05F43442295FECD0016877E /* iPad Pro Icon iOS 9,12@2x.png */ = {isa = PBXFileReference; lastKnownFileType = image.png; path = "iPad Pro Icon iOS 9,12@2x.png"; sourceTree = "<group>"; };
		D05F43452295FECD0016877E /* Apple Watch Notification center (42mm).png */ = {isa = PBXFileReference; lastKnownFileType = image.png; path = "Apple Watch Notification center (42mm).png"; sourceTree = "<group>"; };
		D05F43462295FECD0016877E /* Apple Watch Companion Settings@2x.png */ = {isa = PBXFileReference; lastKnownFileType = image.png; path = "Apple Watch Companion Settings@2x.png"; sourceTree = "<group>"; };
		D05F43472295FECD0016877E /* iPad Settings@2x.png */ = {isa = PBXFileReference; lastKnownFileType = image.png; path = "iPad Settings@2x.png"; sourceTree = "<group>"; };
		D05F43482295FECD0016877E /* iPad notification iOS 7,12.png */ = {isa = PBXFileReference; lastKnownFileType = image.png; path = "iPad notification iOS 7,12.png"; sourceTree = "<group>"; };
		D05F43492295FECD0016877E /* iPad Settings.png */ = {isa = PBXFileReference; lastKnownFileType = image.png; path = "iPad Settings.png"; sourceTree = "<group>"; };
		D05F434A2295FECD0016877E /* iPhone App Icon iOS 5,6.png */ = {isa = PBXFileReference; lastKnownFileType = image.png; path = "iPhone App Icon iOS 5,6.png"; sourceTree = "<group>"; };
		D05F434B2295FECD0016877E /* Messages (27x20pt)@3x.png */ = {isa = PBXFileReference; lastKnownFileType = image.png; path = "Messages (27x20pt)@3x.png"; sourceTree = "<group>"; };
		D05F434C2295FECD0016877E /* Apple Watch Home Screen (44mm).png */ = {isa = PBXFileReference; lastKnownFileType = image.png; path = "Apple Watch Home Screen (44mm).png"; sourceTree = "<group>"; };
		D05F434D2295FECD0016877E /* iPhone settings iOS 7,12@2x.png */ = {isa = PBXFileReference; lastKnownFileType = image.png; path = "iPhone settings iOS 7,12@2x.png"; sourceTree = "<group>"; };
		D05F434E2295FECD0016877E /* Apple Watch Short Look (42mm).png */ = {isa = PBXFileReference; lastKnownFileType = image.png; path = "Apple Watch Short Look (42mm).png"; sourceTree = "<group>"; };
		D05F4383229615340016877E /* Classes.swift */ = {isa = PBXFileReference; lastKnownFileType = sourcecode.swift; path = Classes.swift; sourceTree = "<group>"; };
		D05FDA7622967E5700F4FAAE /* Calculations.swift */ = {isa = PBXFileReference; lastKnownFileType = sourcecode.swift; path = Calculations.swift; sourceTree = "<group>"; };
		D05FDA7822975CBA00F4FAAE /* Class+CoreDataClass.swift */ = {isa = PBXFileReference; lastKnownFileType = sourcecode.swift; path = "Class+CoreDataClass.swift"; sourceTree = "<group>"; };
		D05FDA7922975CBA00F4FAAE /* Class+CoreDataProperties.swift */ = {isa = PBXFileReference; lastKnownFileType = sourcecode.swift; path = "Class+CoreDataProperties.swift"; sourceTree = "<group>"; };
		D05FDA7A22975CBA00F4FAAE /* Mark+CoreDataClass.swift */ = {isa = PBXFileReference; lastKnownFileType = sourcecode.swift; path = "Mark+CoreDataClass.swift"; sourceTree = "<group>"; };
		D05FDA7B22975CBA00F4FAAE /* Mark+CoreDataProperties.swift */ = {isa = PBXFileReference; lastKnownFileType = sourcecode.swift; path = "Mark+CoreDataProperties.swift"; sourceTree = "<group>"; };
		D05FDA8022977B4700F4FAAE /* AddAssignment.swift */ = {isa = PBXFileReference; lastKnownFileType = sourcecode.swift; path = AddAssignment.swift; sourceTree = "<group>"; };
		D05FDA822297842500F4FAAE /* MarksView.swift */ = {isa = PBXFileReference; lastKnownFileType = sourcecode.swift; path = MarksView.swift; sourceTree = "<group>"; };
		D0A56DE1229BA2DB00CB7DED /* Theme.swift */ = {isa = PBXFileReference; lastKnownFileType = sourcecode.swift; path = Theme.swift; sourceTree = "<group>"; };
		D0A56DE3229BA42800CB7DED /* Colors.xcassets */ = {isa = PBXFileReference; lastKnownFileType = folder.assetcatalog; path = Colors.xcassets; sourceTree = "<group>"; };
		D0A56DE5229BA9DE00CB7DED /* ThemeProtocol.swift */ = {isa = PBXFileReference; lastKnownFileType = sourcecode.swift; path = ThemeProtocol.swift; sourceTree = "<group>"; };
		D0A56DE7229BAA6400CB7DED /* LightTheme.swift */ = {isa = PBXFileReference; lastKnownFileType = sourcecode.swift; path = LightTheme.swift; sourceTree = "<group>"; };
		D0A56DE9229BAA6E00CB7DED /* DarkTheme.swift */ = {isa = PBXFileReference; lastKnownFileType = sourcecode.swift; path = DarkTheme.swift; sourceTree = "<group>"; };
		D0A56DEB229BC69F00CB7DED /* settings@3x.png */ = {isa = PBXFileReference; lastKnownFileType = image.png; path = "settings@3x.png"; sourceTree = "<group>"; };
		D0A56DEC229BC69F00CB7DED /* settings.png */ = {isa = PBXFileReference; lastKnownFileType = image.png; path = settings.png; sourceTree = "<group>"; };
		D0A56DED229BC6A000CB7DED /* settings@2x.png */ = {isa = PBXFileReference; lastKnownFileType = image.png; path = "settings@2x.png"; sourceTree = "<group>"; };
/* End PBXFileReference section */

/* Begin PBXFrameworksBuildPhase section */
		D05F42D22295F97B0016877E /* Frameworks */ = {
			isa = PBXFrameworksBuildPhase;
			buildActionMask = 2147483647;
			files = (
			);
			runOnlyForDeploymentPostprocessing = 0;
		};
/* End PBXFrameworksBuildPhase section */

/* Begin PBXGroup section */
		D05F42CC2295F97B0016877E = {
			isa = PBXGroup;
			children = (
				D05F42D72295F97B0016877E /* educ[alcul]ate */,
				D05F42D62295F97B0016877E /* Products */,
			);
			sourceTree = "<group>";
		};
		D05F42D62295F97B0016877E /* Products */ = {
			isa = PBXGroup;
			children = (
				D05F42D52295F97B0016877E /* educ-alcul-ate.app */,
			);
			name = Products;
			sourceTree = "<group>";
		};
		D05F42D72295F97B0016877E /* educ[alcul]ate */ = {
			isa = PBXGroup;
			children = (
				D05F42F72295FE820016877E /* AppIcon */,
				D0A56DD7229B9E6F00CB7DED /* Data Model */,
				D0A56DD9229B9EBB00CB7DED /* Helpers */,
				D05F42F82295FE930016877E /* Image */,
				D0A56DD8229B9E9700CB7DED /* Storyboard */,
				D0A56DDA229B9F9900CB7DED /* Theming */,
				D0A56DD6229B9E2000CB7DED /* View Controllers */,
				D05F42E72295F97C0016877E /* Info.plist */,
			);
			path = "educ[alcul]ate";
			sourceTree = "<group>";
		};
		D05F42F72295FE820016877E /* AppIcon */ = {
			isa = PBXGroup;
			children = (
				D05F43382295FECD0016877E /* App Store.png */,
				D05F43462295FECD0016877E /* Apple Watch Companion Settings@2x.png */,
				D05F433A2295FECD0016877E /* Apple Watch Companion Settings@3x.png */,
				D05F432A2295FECD0016877E /* Apple Watch Home Screen (38mm).png */,
				D05F43422295FECD0016877E /* Apple Watch Home Screen (40mm).png */,
				D05F434C2295FECD0016877E /* Apple Watch Home Screen (44mm).png */,
				D05F43292295FECD0016877E /* Apple Watch Notification center (38mm).png */,
				D05F43452295FECD0016877E /* Apple Watch Notification center (42mm).png */,
				D05F43362295FECD0016877E /* Apple Watch Short Look (38mm).png */,
				D05F434E2295FECD0016877E /* Apple Watch Short Look (42mm).png */,
				D05F432E2295FECD0016877E /* Apple Watch Short Look (44mm).png */,
				D05F43322295FECD0016877E /* iPad App Icon iOS 5,6.png */,
				D05F43312295FECD0016877E /* iPad App Icon iOS 5,6@2x.png */,
				D05F431F2295FECD0016877E /* iPad App Icon iOS 7,12.png */,
				D05F43402295FECD0016877E /* iPad App Icon iOS 7,12@2x.png */,
				D05F43482295FECD0016877E /* iPad notification iOS 7,12.png */,
				D05F433D2295FECD0016877E /* iPad notification iOS 7,12@2x.png */,
				D05F43442295FECD0016877E /* iPad Pro Icon iOS 9,12@2x.png */,
				D05F43492295FECD0016877E /* iPad Settings.png */,
				D05F43472295FECD0016877E /* iPad Settings@2x.png */,
				D05F433E2295FECD0016877E /* iPad Spotlight iOS 5,6.png */,
				D05F43262295FECD0016877E /* iPad Spotlight iOS 5,6@2x.png */,
				D05F43282295FECD0016877E /* iPad Spotlight iOS 7,12.png */,
				D05F431E2295FECD0016877E /* iPad Spotlight iOS 7,12@2x.png */,
				D05F434A2295FECD0016877E /* iPhone App Icon iOS 5,6.png */,
				D05F43372295FECD0016877E /* iPhone App Icon iOS 5,6@2x.png */,
				D05F43212295FECD0016877E /* iPhone App Icon iOS 7,12@2x.png */,
				D05F43432295FECD0016877E /* iPhone App Icon iOS 7,12@3x.png */,
				D05F43302295FECD0016877E /* iPhone notification iOS 7,12@2x.png */,
				D05F43272295FECD0016877E /* iPhone notification iOS 7,12@3x.png */,
				D05F434D2295FECD0016877E /* iPhone settings iOS 7,12@2x.png */,
				D05F433C2295FECD0016877E /* iPhone settings iOS 7,12@3x.png */,
				D05F43412295FECD0016877E /* iPhone Spotlight iOS 5,6 & Settings.png */,
				D05F43332295FECD0016877E /* iPhone Spotlight iOS 5,6 & Settings@2x.png */,
				D05F432F2295FECD0016877E /* iPhone Spotlight iOS 5,6 & Settings@3x.png */,
				D05F433B2295FECD0016877E /* iPhone Spotlight iOS 7,12.png */,
				D05F432D2295FECD0016877E /* iPhone Spotlight iOS 7,12@2x.png */,
				D05F432B2295FECD0016877E /* iPhone Spotlight iOS 7,12@3x.png */,
				D05F432C2295FECD0016877E /* Messages (27x20pt)@2x.png */,
				D05F434B2295FECD0016877E /* Messages (27x20pt)@3x.png */,
				D05F433F2295FECD0016877E /* Messages (32x24pt)@2x.png */,
				D05F43392295FECD0016877E /* Messages (32x24pt)@3x.png */,
				D05F43242295FECD0016877E /* Messages App Store.png */,
				D05F43252295FECD0016877E /* Messages iPad Pro@2x.png */,
				D05F43222295FECD0016877E /* Messages iPad Settings@2x.png */,
				D05F43202295FECD0016877E /* Messages iPad@2x.png */,
				D05F43352295FECD0016877E /* Messages iPhone Settings@2x.png */,
				D05F43342295FECD0016877E /* Messages iPhone Settings@3x.png */,
				D05F43232295FECD0016877E /* Messages iPhone@2x.png */,
				D05F431D2295FECD0016877E /* Messages iPhone@3x.png */,
			);
			path = AppIcon;
			sourceTree = "<group>";
		};
		D05F42F82295FE930016877E /* Image */ = {
			isa = PBXGroup;
			children = (
				D0A56DEC229BC69F00CB7DED /* settings.png */,
				D0A56DED229BC6A000CB7DED /* settings@2x.png */,
				D0A56DEB229BC69F00CB7DED /* settings@3x.png */,
				D05F42FD2295FEBB0016877E /* Icon.png */,
				D05F430A2295FEBB0016877E /* finalexam.png */,
				D05F42FB2295FEBB0016877E /* finalexam@2x.png */,
				D05F43002295FEBB0016877E /* finalexam@3x.png */,
				D05F43012295FEBB0016877E /* changes.png */,
				D05F42F92295FEBB0016877E /* changes@2x.png */,
				D05F43032295FEBB0016877E /* changes@3x.png */,
				D05F43082295FEBB0016877E /* weightedaverage.png */,
				D05F43062295FEBB0016877E /* weightedaverage@2x.png */,
				D05F43052295FEBB0016877E /* weightedaverage@3x.png */,
				D05F42FF2295FEBB0016877E /* classes.png */,
				D05F42FE2295FEBB0016877E /* classes@2x.png */,
				D05F43022295FEBB0016877E /* classes@3x.png */,
				D05F42FA2295FEBB0016877E /* profile.jpg */,
				D05F43072295FEBB0016877E /* profileSquare.png */,
				D05F43092295FEBB0016877E /* credits.png */,
				D05F43042295FEBB0016877E /* credits@2x.png */,
				D05F42FC2295FEBB0016877E /* credits@3x.png */,
			);
			path = Image;
			sourceTree = "<group>";
		};
		D0A56DD6229B9E2000CB7DED /* View Controllers */ = {
			isa = PBXGroup;
			children = (
				D05FDA8022977B4700F4FAAE /* AddAssignment.swift */,
				D0054414229AF07B0052BA85 /* AddClass.swift */,
				D05F4383229615340016877E /* Classes.swift */,
				D05F42EF2295FD7F0016877E /* FinalExam.swift */,
				D05FDA822297842500F4FAAE /* MarksView.swift */,
				D05F42F32295FDAA0016877E /* Settings.swift */,
				D05F42ED2295FD640016877E /* WeightedAverage.swift */,
			);
			path = "View Controllers";
			sourceTree = "<group>";
		};
		D0A56DD7229B9E6F00CB7DED /* Data Model */ = {
			isa = PBXGroup;
			children = (
				D05F42DF2295F97B0016877E /* educ_alcul_ate.xcdatamodeld */,
				D05FDA7822975CBA00F4FAAE /* Class+CoreDataClass.swift */,
				D05FDA7922975CBA00F4FAAE /* Class+CoreDataProperties.swift */,
				D05FDA7A22975CBA00F4FAAE /* Mark+CoreDataClass.swift */,
				D05FDA7B22975CBA00F4FAAE /* Mark+CoreDataProperties.swift */,
			);
			path = "Data Model";
			sourceTree = "<group>";
		};
		D0A56DD8229B9E9700CB7DED /* Storyboard */ = {
			isa = PBXGroup;
			children = (
				D05F42DC2295F97B0016877E /* Main.storyboard */,
				D05F42E42295F97C0016877E /* LaunchScreen.storyboard */,
			);
			path = Storyboard;
			sourceTree = "<group>";
		};
		D0A56DD9229B9EBB00CB7DED /* Helpers */ = {
			isa = PBXGroup;
			children = (
				D05F42D82295F97B0016877E /* AppDelegate.swift */,
				D05FDA7622967E5700F4FAAE /* Calculations.swift */,
			);
			path = Helpers;
			sourceTree = "<group>";
		};
		D0A56DDA229B9F9900CB7DED /* Theming */ = {
			isa = PBXGroup;
			children = (
				D05F42E22295F97C0016877E /* Assets.xcassets */,
				D0A56DE3229BA42800CB7DED /* Colors.xcassets */,
				D0A56DE1229BA2DB00CB7DED /* Theme.swift */,
				D0A56DE5229BA9DE00CB7DED /* ThemeProtocol.swift */,
				D0A56DE7229BAA6400CB7DED /* LightTheme.swift */,
				D0A56DE9229BAA6E00CB7DED /* DarkTheme.swift */,
			);
			path = Theming;
			sourceTree = "<group>";
		};
/* End PBXGroup section */

/* Begin PBXNativeTarget section */
		D05F42D42295F97B0016877E /* educ[alcul]ate */ = {
			isa = PBXNativeTarget;
			buildConfigurationList = D05F42EA2295F97C0016877E /* Build configuration list for PBXNativeTarget "educ[alcul]ate" */;
			buildPhases = (
				D05F42D12295F97B0016877E /* Sources */,
				D05F42D22295F97B0016877E /* Frameworks */,
				D05F42D32295F97B0016877E /* Resources */,
			);
			buildRules = (
			);
			dependencies = (
			);
			name = "educ[alcul]ate";
			productName = "educ[alcul]ate";
			productReference = D05F42D52295F97B0016877E /* educ-alcul-ate.app */;
			productType = "com.apple.product-type.application";
		};
/* End PBXNativeTarget section */

/* Begin PBXProject section */
		D05F42CD2295F97B0016877E /* Project object */ = {
			isa = PBXProject;
			attributes = {
				LastSwiftUpdateCheck = 1020;
				LastUpgradeCheck = 1020;
				ORGANIZATIONNAME = "Jordan Belinsky";
				TargetAttributes = {
					D05F42D42295F97B0016877E = {
						CreatedOnToolsVersion = 10.2.1;
					};
				};
			};
			buildConfigurationList = D05F42D02295F97B0016877E /* Build configuration list for PBXProject "educ[alcul]ate" */;
			compatibilityVersion = "Xcode 9.3";
			developmentRegion = en;
			hasScannedForEncodings = 0;
			knownRegions = (
				en,
				Base,
			);
			mainGroup = D05F42CC2295F97B0016877E;
			productRefGroup = D05F42D62295F97B0016877E /* Products */;
			projectDirPath = "";
			projectRoot = "";
			targets = (
				D05F42D42295F97B0016877E /* educ[alcul]ate */,
			);
		};
/* End PBXProject section */

/* Begin PBXResourcesBuildPhase section */
		D05F42D32295F97B0016877E /* Resources */ = {
			isa = PBXResourcesBuildPhase;
			buildActionMask = 2147483647;
			files = (
				D05F43562295FECD0016877E /* Messages App Store.png in Resources */,
				D05F43182295FEBB0016877E /* weightedaverage@2x.png in Resources */,
				D05F43622295FECD0016877E /* iPhone notification iOS 7,12@2x.png in Resources */,
				D05F436E2295FECD0016877E /* iPhone settings iOS 7,12@3x.png in Resources */,
				D05F437A2295FECD0016877E /* iPad notification iOS 7,12.png in Resources */,
				D05F43132295FEBB0016877E /* changes.png in Resources */,
				D05F43532295FECD0016877E /* iPhone App Icon iOS 7,12@2x.png in Resources */,
				D05F43712295FECD0016877E /* Messages (32x24pt)@2x.png in Resources */,
				D05F43632295FECD0016877E /* iPad App Icon iOS 5,6@2x.png in Resources */,
				D05F43192295FEBB0016877E /* profileSquare.png in Resources */,
				D05F43112295FEBB0016877E /* classes.png in Resources */,
				D05F430E2295FEBB0016877E /* credits@3x.png in Resources */,
				D05F43502295FECD0016877E /* iPad Spotlight iOS 7,12@2x.png in Resources */,
				D05F43702295FECD0016877E /* iPad Spotlight iOS 5,6.png in Resources */,
				D05F43692295FECD0016877E /* iPhone App Icon iOS 5,6@2x.png in Resources */,
				D05F43572295FECD0016877E /* Messages iPad Pro@2x.png in Resources */,
				D05F42E62295F97C0016877E /* LaunchScreen.storyboard in Resources */,
				D05F43732295FECD0016877E /* iPhone Spotlight iOS 5,6 & Settings.png in Resources */,
				D05F43172295FEBB0016877E /* weightedaverage@3x.png in Resources */,
				D05F435E2295FECD0016877E /* Messages (27x20pt)@2x.png in Resources */,
				D05F43102295FEBB0016877E /* classes@2x.png in Resources */,
				D05F43802295FECD0016877E /* Apple Watch Short Look (42mm).png in Resources */,
				D05F435D2295FECD0016877E /* iPhone Spotlight iOS 7,12@3x.png in Resources */,
				D05F43682295FECD0016877E /* Apple Watch Short Look (38mm).png in Resources */,
				D05F437F2295FECD0016877E /* iPhone settings iOS 7,12@2x.png in Resources */,
				D05F436D2295FECD0016877E /* iPhone Spotlight iOS 7,12.png in Resources */,
				D05F437E2295FECD0016877E /* Apple Watch Home Screen (44mm).png in Resources */,
				D05F430B2295FEBB0016877E /* changes@2x.png in Resources */,
				D05F431B2295FEBB0016877E /* credits.png in Resources */,
				D05F42E32295F97C0016877E /* Assets.xcassets in Resources */,
				D05F435C2295FECD0016877E /* Apple Watch Home Screen (38mm).png in Resources */,
				D05F43162295FEBB0016877E /* credits@2x.png in Resources */,
				D05F435B2295FECD0016877E /* Apple Watch Notification center (38mm).png in Resources */,
				D05F430C2295FEBB0016877E /* profile.jpg in Resources */,
				D05F43512295FECD0016877E /* iPad App Icon iOS 7,12.png in Resources */,
				D05F43772295FECD0016877E /* Apple Watch Notification center (42mm).png in Resources */,
				D05F43792295FECD0016877E /* iPad Settings@2x.png in Resources */,
				D05F43672295FECD0016877E /* Messages iPhone Settings@2x.png in Resources */,
				D05F437D2295FECD0016877E /* Messages (27x20pt)@3x.png in Resources */,
				D05F43522295FECD0016877E /* Messages iPad@2x.png in Resources */,
				D05F434F2295FECD0016877E /* Messages iPhone@3x.png in Resources */,
				D05F431C2295FEBB0016877E /* finalexam.png in Resources */,
				D05F430D2295FEBB0016877E /* finalexam@2x.png in Resources */,
				D05F436B2295FECD0016877E /* Messages (32x24pt)@3x.png in Resources */,
				D05F430F2295FEBB0016877E /* Icon.png in Resources */,
				D0A56DE4229BA42800CB7DED /* Colors.xcassets in Resources */,
				D05F437B2295FECD0016877E /* iPad Settings.png in Resources */,
				D05F43652295FECD0016877E /* iPhone Spotlight iOS 5,6 & Settings@2x.png in Resources */,
				D0A56DEF229BC6A000CB7DED /* settings.png in Resources */,
				D05F43752295FECD0016877E /* iPhone App Icon iOS 7,12@3x.png in Resources */,
				D05F436F2295FECD0016877E /* iPad notification iOS 7,12@2x.png in Resources */,
				D05F42DE2295F97B0016877E /* Main.storyboard in Resources */,
				D05F437C2295FECD0016877E /* iPhone App Icon iOS 5,6.png in Resources */,
				D05F436A2295FECD0016877E /* App Store.png in Resources */,
				D0A56DEE229BC6A000CB7DED /* settings@3x.png in Resources */,
				D05F435F2295FECD0016877E /* iPhone Spotlight iOS 7,12@2x.png in Resources */,
				D05F43142295FEBB0016877E /* classes@3x.png in Resources */,
				D05F43542295FECD0016877E /* Messages iPad Settings@2x.png in Resources */,
				D05F43602295FECD0016877E /* Apple Watch Short Look (44mm).png in Resources */,
				D05F43762295FECD0016877E /* iPad Pro Icon iOS 9,12@2x.png in Resources */,
				D05F43642295FECD0016877E /* iPad App Icon iOS 5,6.png in Resources */,
				D05F43582295FECD0016877E /* iPad Spotlight iOS 5,6@2x.png in Resources */,
				D05F43722295FECD0016877E /* iPad App Icon iOS 7,12@2x.png in Resources */,
				D05F431A2295FEBB0016877E /* weightedaverage.png in Resources */,
				D05F43662295FECD0016877E /* Messages iPhone Settings@3x.png in Resources */,
				D05F43612295FECD0016877E /* iPhone Spotlight iOS 5,6 & Settings@3x.png in Resources */,
				D05F43592295FECD0016877E /* iPhone notification iOS 7,12@3x.png in Resources */,
				D05F43152295FEBB0016877E /* changes@3x.png in Resources */,
				D05F435A2295FECD0016877E /* iPad Spotlight iOS 7,12.png in Resources */,
				D05F43742295FECD0016877E /* Apple Watch Home Screen (40mm).png in Resources */,
				D0A56DF0229BC6A000CB7DED /* settings@2x.png in Resources */,
				D05F43552295FECD0016877E /* Messages iPhone@2x.png in Resources */,
				D05F436C2295FECD0016877E /* Apple Watch Companion Settings@3x.png in Resources */,
				D05F43782295FECD0016877E /* Apple Watch Companion Settings@2x.png in Resources */,
				D05F43122295FEBB0016877E /* finalexam@3x.png in Resources */,
			);
			runOnlyForDeploymentPostprocessing = 0;
		};
/* End PBXResourcesBuildPhase section */

/* Begin PBXSourcesBuildPhase section */
		D05F42D12295F97B0016877E /* Sources */ = {
			isa = PBXSourcesBuildPhase;
			buildActionMask = 2147483647;
			files = (
				D05FDA7D22975CBA00F4FAAE /* Class+CoreDataProperties.swift in Sources */,
				D05F42E12295F97B0016877E /* educ_alcul_ate.xcdatamodeld in Sources */,
				D05F42EE2295FD640016877E /* WeightedAverage.swift in Sources */,
				D0A56DE6229BA9DE00CB7DED /* ThemeProtocol.swift in Sources */,
				D0A56DE8229BAA6400CB7DED /* LightTheme.swift in Sources */,
				D05F4384229615340016877E /* Classes.swift in Sources */,
				D05F42D92295F97B0016877E /* AppDelegate.swift in Sources */,
				D05FDA7F22975CBA00F4FAAE /* Mark+CoreDataProperties.swift in Sources */,
				D05FDA7C22975CBA00F4FAAE /* Class+CoreDataClass.swift in Sources */,
				D05FDA7E22975CBA00F4FAAE /* Mark+CoreDataClass.swift in Sources */,
				D05FDA832297842500F4FAAE /* MarksView.swift in Sources */,
				D05F42F42295FDAA0016877E /* Settings.swift in Sources */,
				D05FDA8122977B4700F4FAAE /* AddAssignment.swift in Sources */,
				D0A56DEA229BAA6E00CB7DED /* DarkTheme.swift in Sources */,
				D05F42F02295FD7F0016877E /* FinalExam.swift in Sources */,
				D0A56DE2229BA2DB00CB7DED /* Theme.swift in Sources */,
				D0054415229AF07B0052BA85 /* AddClass.swift in Sources */,
				D05FDA7722967E5700F4FAAE /* Calculations.swift in Sources */,
			);
			runOnlyForDeploymentPostprocessing = 0;
		};
/* End PBXSourcesBuildPhase section */

/* Begin PBXVariantGroup section */
		D05F42DC2295F97B0016877E /* Main.storyboard */ = {
			isa = PBXVariantGroup;
			children = (
				D05F42DD2295F97B0016877E /* Base */,
			);
			name = Main.storyboard;
			sourceTree = "<group>";
		};
		D05F42E42295F97C0016877E /* LaunchScreen.storyboard */ = {
			isa = PBXVariantGroup;
			children = (
				D05F42E52295F97C0016877E /* Base */,
			);
			name = LaunchScreen.storyboard;
			sourceTree = "<group>";
		};
/* End PBXVariantGroup section */

/* Begin XCBuildConfiguration section */
		D05F42E82295F97C0016877E /* Debug */ = {
			isa = XCBuildConfiguration;
			buildSettings = {
				ALWAYS_SEARCH_USER_PATHS = NO;
				CLANG_ANALYZER_NONNULL = YES;
				CLANG_ANALYZER_NUMBER_OBJECT_CONVERSION = YES_AGGRESSIVE;
				CLANG_CXX_LANGUAGE_STANDARD = "gnu++14";
				CLANG_CXX_LIBRARY = "libc++";
				CLANG_ENABLE_MODULES = YES;
				CLANG_ENABLE_OBJC_ARC = YES;
				CLANG_ENABLE_OBJC_WEAK = YES;
				CLANG_WARN_BLOCK_CAPTURE_AUTORELEASING = YES;
				CLANG_WARN_BOOL_CONVERSION = YES;
				CLANG_WARN_COMMA = YES;
				CLANG_WARN_CONSTANT_CONVERSION = YES;
				CLANG_WARN_DEPRECATED_OBJC_IMPLEMENTATIONS = YES;
				CLANG_WARN_DIRECT_OBJC_ISA_USAGE = YES_ERROR;
				CLANG_WARN_DOCUMENTATION_COMMENTS = YES;
				CLANG_WARN_EMPTY_BODY = YES;
				CLANG_WARN_ENUM_CONVERSION = YES;
				CLANG_WARN_INFINITE_RECURSION = YES;
				CLANG_WARN_INT_CONVERSION = YES;
				CLANG_WARN_NON_LITERAL_NULL_CONVERSION = YES;
				CLANG_WARN_OBJC_IMPLICIT_RETAIN_SELF = YES;
				CLANG_WARN_OBJC_LITERAL_CONVERSION = YES;
				CLANG_WARN_OBJC_ROOT_CLASS = YES_ERROR;
				CLANG_WARN_RANGE_LOOP_ANALYSIS = YES;
				CLANG_WARN_STRICT_PROTOTYPES = YES;
				CLANG_WARN_SUSPICIOUS_MOVE = YES;
				CLANG_WARN_UNGUARDED_AVAILABILITY = YES_AGGRESSIVE;
				CLANG_WARN_UNREACHABLE_CODE = YES;
				CLANG_WARN__DUPLICATE_METHOD_MATCH = YES;
				CODE_SIGN_IDENTITY = "iPhone Developer";
				COPY_PHASE_STRIP = NO;
				DEBUG_INFORMATION_FORMAT = dwarf;
				ENABLE_STRICT_OBJC_MSGSEND = YES;
				ENABLE_TESTABILITY = YES;
				GCC_C_LANGUAGE_STANDARD = gnu11;
				GCC_DYNAMIC_NO_PIC = NO;
				GCC_NO_COMMON_BLOCKS = YES;
				GCC_OPTIMIZATION_LEVEL = 0;
				GCC_PREPROCESSOR_DEFINITIONS = (
					"DEBUG=1",
					"$(inherited)",
				);
				GCC_WARN_64_TO_32_BIT_CONVERSION = YES;
				GCC_WARN_ABOUT_RETURN_TYPE = YES_ERROR;
				GCC_WARN_UNDECLARED_SELECTOR = YES;
				GCC_WARN_UNINITIALIZED_AUTOS = YES_AGGRESSIVE;
				GCC_WARN_UNUSED_FUNCTION = YES;
				GCC_WARN_UNUSED_VARIABLE = YES;
				IPHONEOS_DEPLOYMENT_TARGET = 12.2;
				MTL_ENABLE_DEBUG_INFO = INCLUDE_SOURCE;
				MTL_FAST_MATH = YES;
				ONLY_ACTIVE_ARCH = YES;
				SDKROOT = iphoneos;
				SWIFT_ACTIVE_COMPILATION_CONDITIONS = DEBUG;
				SWIFT_OPTIMIZATION_LEVEL = "-Onone";
			};
			name = Debug;
		};
		D05F42E92295F97C0016877E /* Release */ = {
			isa = XCBuildConfiguration;
			buildSettings = {
				ALWAYS_SEARCH_USER_PATHS = NO;
				CLANG_ANALYZER_NONNULL = YES;
				CLANG_ANALYZER_NUMBER_OBJECT_CONVERSION = YES_AGGRESSIVE;
				CLANG_CXX_LANGUAGE_STANDARD = "gnu++14";
				CLANG_CXX_LIBRARY = "libc++";
				CLANG_ENABLE_MODULES = YES;
				CLANG_ENABLE_OBJC_ARC = YES;
				CLANG_ENABLE_OBJC_WEAK = YES;
				CLANG_WARN_BLOCK_CAPTURE_AUTORELEASING = YES;
				CLANG_WARN_BOOL_CONVERSION = YES;
				CLANG_WARN_COMMA = YES;
				CLANG_WARN_CONSTANT_CONVERSION = YES;
				CLANG_WARN_DEPRECATED_OBJC_IMPLEMENTATIONS = YES;
				CLANG_WARN_DIRECT_OBJC_ISA_USAGE = YES_ERROR;
				CLANG_WARN_DOCUMENTATION_COMMENTS = YES;
				CLANG_WARN_EMPTY_BODY = YES;
				CLANG_WARN_ENUM_CONVERSION = YES;
				CLANG_WARN_INFINITE_RECURSION = YES;
				CLANG_WARN_INT_CONVERSION = YES;
				CLANG_WARN_NON_LITERAL_NULL_CONVERSION = YES;
				CLANG_WARN_OBJC_IMPLICIT_RETAIN_SELF = YES;
				CLANG_WARN_OBJC_LITERAL_CONVERSION = YES;
				CLANG_WARN_OBJC_ROOT_CLASS = YES_ERROR;
				CLANG_WARN_RANGE_LOOP_ANALYSIS = YES;
				CLANG_WARN_STRICT_PROTOTYPES = YES;
				CLANG_WARN_SUSPICIOUS_MOVE = YES;
				CLANG_WARN_UNGUARDED_AVAILABILITY = YES_AGGRESSIVE;
				CLANG_WARN_UNREACHABLE_CODE = YES;
				CLANG_WARN__DUPLICATE_METHOD_MATCH = YES;
				CODE_SIGN_IDENTITY = "iPhone Developer";
				COPY_PHASE_STRIP = NO;
				DEBUG_INFORMATION_FORMAT = "dwarf-with-dsym";
				ENABLE_NS_ASSERTIONS = NO;
				ENABLE_STRICT_OBJC_MSGSEND = YES;
				GCC_C_LANGUAGE_STANDARD = gnu11;
				GCC_NO_COMMON_BLOCKS = YES;
				GCC_WARN_64_TO_32_BIT_CONVERSION = YES;
				GCC_WARN_ABOUT_RETURN_TYPE = YES_ERROR;
				GCC_WARN_UNDECLARED_SELECTOR = YES;
				GCC_WARN_UNINITIALIZED_AUTOS = YES_AGGRESSIVE;
				GCC_WARN_UNUSED_FUNCTION = YES;
				GCC_WARN_UNUSED_VARIABLE = YES;
				IPHONEOS_DEPLOYMENT_TARGET = 12.2;
				MTL_ENABLE_DEBUG_INFO = NO;
				MTL_FAST_MATH = YES;
				SDKROOT = iphoneos;
				SWIFT_COMPILATION_MODE = wholemodule;
				SWIFT_OPTIMIZATION_LEVEL = "-O";
				VALIDATE_PRODUCT = YES;
			};
			name = Release;
		};
		D05F42EB2295F97C0016877E /* Debug */ = {
			isa = XCBuildConfiguration;
			buildSettings = {
				ASSETCATALOG_COMPILER_APPICON_NAME = AppIcon;
				CODE_SIGN_STYLE = Automatic;
				DEVELOPMENT_TEAM = DF98SFAJXT;
				INFOPLIST_FILE = "educ[alcul]ate/Info.plist";
				IPHONEOS_DEPLOYMENT_TARGET = 11.0;
				LD_RUNPATH_SEARCH_PATHS = (
					"$(inherited)",
					"@executable_path/Frameworks",
				);
				PRODUCT_BUNDLE_IDENTIFIER = "com.jordanbelinsky.educ-alcul-ate";
				PRODUCT_NAME = "educ-alcul-ate";
				SWIFT_VERSION = 5.0;
				TARGETED_DEVICE_FAMILY = 1;
			};
			name = Debug;
		};
		D05F42EC2295F97C0016877E /* Release */ = {
			isa = XCBuildConfiguration;
			buildSettings = {
				ASSETCATALOG_COMPILER_APPICON_NAME = AppIcon;
				CODE_SIGN_STYLE = Automatic;
				DEVELOPMENT_TEAM = DF98SFAJXT;
				INFOPLIST_FILE = "educ[alcul]ate/Info.plist";
				IPHONEOS_DEPLOYMENT_TARGET = 11.0;
				LD_RUNPATH_SEARCH_PATHS = (
					"$(inherited)",
					"@executable_path/Frameworks",
				);
				PRODUCT_BUNDLE_IDENTIFIER = "com.jordanbelinsky.educ-alcul-ate";
				PRODUCT_NAME = "educ-alcul-ate";
				SWIFT_VERSION = 5.0;
				TARGETED_DEVICE_FAMILY = 1;
			};
			name = Release;
		};
/* End XCBuildConfiguration section */

/* Begin XCConfigurationList section */
		D05F42D02295F97B0016877E /* Build configuration list for PBXProject "educ[alcul]ate" */ = {
			isa = XCConfigurationList;
			buildConfigurations = (
				D05F42E82295F97C0016877E /* Debug */,
				D05F42E92295F97C0016877E /* Release */,
			);
			defaultConfigurationIsVisible = 0;
			defaultConfigurationName = Release;
		};
		D05F42EA2295F97C0016877E /* Build configuration list for PBXNativeTarget "educ[alcul]ate" */ = {
			isa = XCConfigurationList;
			buildConfigurations = (
				D05F42EB2295F97C0016877E /* Debug */,
				D05F42EC2295F97C0016877E /* Release */,
			);
			defaultConfigurationIsVisible = 0;
			defaultConfigurationName = Release;
		};
/* End XCConfigurationList section */

/* Begin XCVersionGroup section */
		D05F42DF2295F97B0016877E /* educ_alcul_ate.xcdatamodeld */ = {
			isa = XCVersionGroup;
			children = (
				D05F42E02295F97B0016877E /* educ_alcul_ate.xcdatamodel */,
			);
			currentVersion = D05F42E02295F97B0016877E /* educ_alcul_ate.xcdatamodel */;
			path = educ_alcul_ate.xcdatamodeld;
			sourceTree = "<group>";
			versionGroupType = wrapper.xcdatamodel;
		};
/* End XCVersionGroup section */
	};
	rootObject = D05F42CD2295F97B0016877E /* Project object */;
}
